
Microsoft Visual Studio Solution File, Format Version 12.00
Project("{FAE04EC0-301F-11D3-BF4B-00C04F79EFBC}") = "OnlineStore.UI", "OnlineStore.UI\OnlineStore.UI.csproj", "{D0E84E74-9FAC-4425-90E3-5B666959E9A5}"
EndProject
Project("{FAE04EC0-301F-11D3-BF4B-00C04F79EFBC}") = "OnlineStore.Presentation", "OnlineStore.Presentation\OnlineStore.Presentation.csproj", "{89CCD937-288F-4214-905B-E092452B3EE2}"
EndProject
Project("{2150E333-8FDC-42A3-9474-1A3956D46DE8}") = "Model", "Model", "{8A7EAF91-5539-4E55-94A2-53F09C6BE264}"
EndProject
Project("{FAE04EC0-301F-11D3-BF4B-00C04F79EFBC}") = "OnlineStore.Infrastructure", "OnlineStore.Infrastructure\OnlineStore.Infrastructure.csproj", "{F79796A2-4FAA-46AF-A3E1-03601DB5A631}"
EndProject
Project("{FAE04EC0-301F-11D3-BF4B-00C04F79EFBC}") = "OnlineStore.Services", "OnlineStore.Services\OnlineStore.Services.csproj", "{87A23546-F293-4AAE-9FE2-3227519B006A}"
EndProject
Project("{FAE04EC0-301F-11D3-BF4B-00C04F79EFBC}") = "OnlineStore.Domain", "OnlineStore.Domain\OnlineStore.Domain.csproj", "{078E55B6-9198-47E7-9065-5DD25E580300}"
EndProject
Global
	GlobalSection(SolutionConfigurationPlatforms) = preSolution
		Debug|Any CPU = Debug|Any CPU
		Release|Any CPU = Release|Any CPU
	EndGlobalSection
	GlobalSection(ProjectConfigurationPlatforms) = postSolution
		{D0E84E74-9FAC-4425-90E3-5B666959E9A5}.Debug|Any CPU.ActiveCfg = Debug|Any CPU
		{D0E84E74-9FAC-4425-90E3-5B666959E9A5}.Debug|Any CPU.Build.0 = Debug|Any CPU
		{D0E84E74-9FAC-4425-90E3-5B666959E9A5}.Release|Any CPU.ActiveCfg = Release|Any CPU
		{D0E84E74-9FAC-4425-90E3-5B666959E9A5}.Release|Any CPU.Build.0 = Release|Any CPU
		{89CCD937-288F-4214-905B-E092452B3EE2}.Debug|Any CPU.ActiveCfg = Debug|Any CPU
		{89CCD937-288F-4214-905B-E092452B3EE2}.Debug|Any CPU.Build.0 = Debug|Any CPU
		{89CCD937-288F-4214-905B-E092452B3EE2}.Release|Any CPU.ActiveCfg = Release|Any CPU
		{89CCD937-288F-4214-905B-E092452B3EE2}.Release|Any CPU.Build.0 = Release|Any CPU
		{F79796A2-4FAA-46AF-A3E1-03601DB5A631}.Debug|Any CPU.ActiveCfg = Debug|Any CPU
		{F79796A2-4FAA-46AF-A3E1-03601DB5A631}.Debug|Any CPU.Build.0 = Debug|Any CPU
		{F79796A2-4FAA-46AF-A3E1-03601DB5A631}.Release|Any CPU.ActiveCfg = Release|Any CPU
		{F79796A2-4FAA-46AF-A3E1-03601DB5A631}.Release|Any CPU.Build.0 = Release|Any CPU
		{87A23546-F293-4AAE-9FE2-3227519B006A}.Debug|Any CPU.ActiveCfg = Debug|Any CPU
		{87A23546-F293-4AAE-9FE2-3227519B006A}.Debug|Any CPU.Build.0 = Debug|Any CPU
		{87A23546-F293-4AAE-9FE2-3227519B006A}.Release|Any CPU.ActiveCfg = Release|Any CPU
		{87A23546-F293-4AAE-9FE2-3227519B006A}.Release|Any CPU.Build.0 = Release|Any CPU
		{078E55B6-9198-47E7-9065-5DD25E580300}.Debug|Any CPU.ActiveCfg = Debug|Any CPU
		{078E55B6-9198-47E7-9065-5DD25E580300}.Debug|Any CPU.Build.0 = Debug|Any CPU
		{078E55B6-9198-47E7-9065-5DD25E580300}.Release|Any CPU.ActiveCfg = Release|Any CPU
		{078E55B6-9198-47E7-9065-5DD25E580300}.Release|Any CPU.Build.0 = Release|Any CPU
	EndGlobalSection
	GlobalSection(NestedProjects) = preSolution
		{F79796A2-4FAA-46AF-A3E1-03601DB5A631} = {8A7EAF91-5539-4E55-94A2-53F09C6BE264}
		{87A23546-F293-4AAE-9FE2-3227519B006A} = {8A7EAF91-5539-4E55-94A2-53F09C6BE264}
		{078E55B6-9198-47E7-9065-5DD25E580300} = {8A7EAF91-5539-4E55-94A2-53F09C6BE264}
	EndGlobalSection
EndGlobal
